<?xml version="1.0" encoding="utf-8"?>
<Project ToolsVersion="4.0" xmlns="http://schemas.microsoft.com/developer/msbuild/2003">
  <ItemGroup>
    <Filter Include="Startup Files">
      <UniqueIdentifier>{f95a606d-4f46-4e50-83d4-3827a32f2c85}</UniqueIdentifier>
    </Filter>
    <Filter Include="Nodes">
      <UniqueIdentifier>{a2e2e51e-d7d3-451a-88c5-1ecd04293905}</UniqueIdentifier>
    </Filter>
  </ItemGroup>
  <ItemGroup>
    <ClInclude Include="..\Common\PluginCommon.h">
      <Filter>Startup Files</Filter>
    </ClInclude>
    <ClInclude Include="StdAfx.h" />
  </ItemGroup>
  <ItemGroup>
    <ClCompile Include="PluginMain.cpp">
      <Filter>Startup Files</Filter>
    </ClCompile>
    <ClCompile Include="StdAfx.cpp" />
    <ClCompile Include="Nodes\FlowUdpDataNodes.cpp">
      <Filter>Nodes</Filter>
    </ClCompile>
  </ItemGroup>
</Project>